
Microsoft Visual Studio Solution File, Format Version 12.00
# Visual Studio 15
VisualStudioVersion = 15.0.27428.2002
MinimumVisualStudioVersion = 10.0.40219.1
Project("{FAE04EC0-301F-11D3-BF4B-00C04F79EFBC}") = "Project05_agaribay", "Project05_agaribay\Project05_agaribay.csproj", "{866BBEFA-E881-42F2-BDF3-118BBC67A970}"
EndProject
Global
	GlobalSection(SolutionConfigurationPlatforms) = preSolution
		Debug|Any CPU = Debug|Any CPU
		Release|Any CPU = Release|Any CPU
	EndGlobalSection
	GlobalSection(ProjectConfigurationPlatforms) = postSolution
		{866BBEFA-E881-42F2-BDF3-118BBC67A970}.Debug|Any CPU.ActiveCfg = Debug|Any CPU
		{866BBEFA-E881-42F2-BDF3-118BBC67A970}.Debug|Any CPU.Build.0 = Debug|Any CPU
		{866BBEFA-E881-42F2-BDF3-118BBC67A970}.Release|Any CPU.ActiveCfg = Release|Any CPU
		{866BBEFA-E881-42F2-BDF3-118BBC67A970}.Release|Any CPU.Build.0 = Release|Any CPU
	EndGlobalSection
	GlobalSection(SolutionProperties) = preSolution
		HideSolutionNode = FALSE
	EndGlobalSection
	GlobalSection(ExtensibilityGlobals) = postSolution
		SolutionGuid = {FDC45FF3-F9E7-4F61-8313-FBFB7E53A6FC}
	EndGlobalSection
EndGlobal
